// !$*UTF8*$!
{
	archiveVersion = 1;
	classes = {
	};
	objectVersion = 51;
	objects = {

/* Begin PBXBuildFile section */
		032F91152452632C00D30973 /* HomeKit.framework in Frameworks */ = {isa = PBXBuildFile; fileRef = 032F91142452632C00D30973 /* HomeKit.framework */; };
		033888432452487000C39472 /* AppDelegate.swift in Sources */ = {isa = PBXBuildFile; fileRef = 033888422452487000C39472 /* AppDelegate.swift */; };
		033888452452487000C39472 /* SceneDelegate.swift in Sources */ = {isa = PBXBuildFile; fileRef = 033888442452487000C39472 /* SceneDelegate.swift */; };
		033888472452487000C39472 /* ViewController.swift in Sources */ = {isa = PBXBuildFile; fileRef = 033888462452487000C39472 /* ViewController.swift */; };
		0338884A2452487000C39472 /* Main.storyboard in Resources */ = {isa = PBXBuildFile; fileRef = 033888482452487000C39472 /* Main.storyboard */; };
		0338884C2452487300C39472 /* Assets.xcassets in Resources */ = {isa = PBXBuildFile; fileRef = 0338884B2452487300C39472 /* Assets.xcassets */; };
		0338884F2452487300C39472 /* LaunchScreen.storyboard in Resources */ = {isa = PBXBuildFile; fileRef = 0338884D2452487300C39472 /* LaunchScreen.storyboard */; };
		03FE260225645FBB00AD9F11 /* GoogleService-Info.plist in Resources */ = {isa = PBXBuildFile; fileRef = 03FE260125645FBB00AD9F11 /* GoogleService-Info.plist */; };
		E39ED1E14B802F9C6C77DE0C /* Pods_pushNotification.framework in Frameworks */ = {isa = PBXBuildFile; fileRef = 53FAF06E8BA97B87F44FA206 /* Pods_pushNotification.framework */; };
/* End PBXBuildFile section */

/* Begin PBXFileReference section */
		032F91132452621D00D30973 /* pushNotification.entitlements */ = {isa = PBXFileReference; lastKnownFileType = text.plist.entitlements; path = pushNotification.entitlements; sourceTree = "<group>"; };
		032F91142452632C00D30973 /* HomeKit.framework */ = {isa = PBXFileReference; lastKnownFileType = wrapper.framework; name = HomeKit.framework; path = System/Library/Frameworks/HomeKit.framework; sourceTree = SDKROOT; };
		0338883F2452487000C39472 /* pushNotification.app */ = {isa = PBXFileReference; explicitFileType = wrapper.application; includeInIndex = 0; path = pushNotification.app; sourceTree = BUILT_PRODUCTS_DIR; };
		033888422452487000C39472 /* AppDelegate.swift */ = {isa = PBXFileReference; lastKnownFileType = sourcecode.swift; path = AppDelegate.swift; sourceTree = "<group>"; };
		033888442452487000C39472 /* SceneDelegate.swift */ = {isa = PBXFileReference; lastKnownFileType = sourcecode.swift; path = SceneDelegate.swift; sourceTree = "<group>"; };
		033888462452487000C39472 /* ViewController.swift */ = {isa = PBXFileReference; lastKnownFileType = sourcecode.swift; path = ViewController.swift; sourceTree = "<group>"; };
		033888492452487000C39472 /* Base */ = {isa = PBXFileReference; lastKnownFileType = file.storyboard; name = Base; path = Base.lproj/Main.storyboard; sourceTree = "<group>"; };
		0338884B2452487300C39472 /* Assets.xcassets */ = {isa = PBXFileReference; lastKnownFileType = folder.assetcatalog; path = Assets.xcassets; sourceTree = "<group>"; };
		0338884E2452487300C39472 /* Base */ = {isa = PBXFileReference; lastKnownFileType = file.storyboard; name = Base; path = Base.lproj/LaunchScreen.storyboard; sourceTree = "<group>"; };
		033888502452487300C39472 /* Info.plist */ = {isa = PBXFileReference; lastKnownFileType = text.plist.xml; path = Info.plist; sourceTree = "<group>"; };
		03FE260125645FBB00AD9F11 /* GoogleService-Info.plist */ = {isa = PBXFileReference; fileEncoding = 4; lastKnownFileType = text.plist.xml; path = "GoogleService-Info.plist"; sourceTree = "<group>"; };
		446C0C7C02AF9BF44B57856B /* Pods-pushNotification.release.xcconfig */ = {isa = PBXFileReference; includeInIndex = 1; lastKnownFileType = text.xcconfig; name = "Pods-pushNotification.release.xcconfig"; path = "Target Support Files/Pods-pushNotification/Pods-pushNotification.release.xcconfig"; sourceTree = "<group>"; };
		53FAF06E8BA97B87F44FA206 /* Pods_pushNotification.framework */ = {isa = PBXFileReference; explicitFileType = wrapper.framework; includeInIndex = 0; path = Pods_pushNotification.framework; sourceTree = BUILT_PRODUCTS_DIR; };
		7E9383FC03AED521C5D626FC /* Pods-pushNotification.debug.xcconfig */ = {isa = PBXFileReference; includeInIndex = 1; lastKnownFileType = text.xcconfig; name = "Pods-pushNotification.debug.xcconfig"; path = "Target Support Files/Pods-pushNotification/Pods-pushNotification.debug.xcconfig"; sourceTree = "<group>"; };
/* End PBXFileReference section */

/* Begin PBXFrameworksBuildPhase section */
		0338883C2452487000C39472 /* Frameworks */ = {
			isa = PBXFrameworksBuildPhase;
			buildActionMask = 2147483647;
			files = (
				032F91152452632C00D30973 /* HomeKit.framework in Frameworks */,
				E39ED1E14B802F9C6C77DE0C /* Pods_pushNotification.framework in Frameworks */,
			);
			runOnlyForDeploymentPostprocessing = 0;
		};
/* End PBXFrameworksBuildPhase section */

/* Begin PBXGroup section */
		033888362452486F00C39472 = {
			isa = PBXGroup;
			children = (
				033888412452487000C39472 /* pushNotification */,
				033888402452487000C39472 /* Products */,
				DC173BE1888F6EF9700AA41B /* Pods */,
				5BDE72E1436A171FBE5FC6B0 /* Frameworks */,
			);
			sourceTree = "<group>";
		};
		033888402452487000C39472 /* Products */ = {
			isa = PBXGroup;
			children = (
				0338883F2452487000C39472 /* pushNotification.app */,
			);
			name = Products;
			sourceTree = "<group>";
		};
		033888412452487000C39472 /* pushNotification */ = {
			isa = PBXGroup;
			children = (
				032F91132452621D00D30973 /* pushNotification.entitlements */,
				03FE260125645FBB00AD9F11 /* GoogleService-Info.plist */,
				033888422452487000C39472 /* AppDelegate.swift */,
				033888442452487000C39472 /* SceneDelegate.swift */,
				033888462452487000C39472 /* ViewController.swift */,
				033888482452487000C39472 /* Main.storyboard */,
				0338884B2452487300C39472 /* Assets.xcassets */,
				0338884D2452487300C39472 /* LaunchScreen.storyboard */,
				033888502452487300C39472 /* Info.plist */,
			);
			path = pushNotification;
			sourceTree = "<group>";
		};
		5BDE72E1436A171FBE5FC6B0 /* Frameworks */ = {
			isa = PBXGroup;
			children = (
				032F91142452632C00D30973 /* HomeKit.framework */,
				53FAF06E8BA97B87F44FA206 /* Pods_pushNotification.framework */,
			);
			name = Frameworks;
			sourceTree = "<group>";
		};
		DC173BE1888F6EF9700AA41B /* Pods */ = {
			isa = PBXGroup;
			children = (
				7E9383FC03AED521C5D626FC /* Pods-pushNotification.debug.xcconfig */,
				446C0C7C02AF9BF44B57856B /* Pods-pushNotification.release.xcconfig */,
			);
			path = Pods;
			sourceTree = "<group>";
		};
/* End PBXGroup section */

/* Begin PBXNativeTarget section */
		0338883E2452487000C39472 /* pushNotification */ = {
			isa = PBXNativeTarget;
			buildConfigurationList = 033888532452487300C39472 /* Build configuration list for PBXNativeTarget "pushNotification" */;
			buildPhases = (
				3E31E245C6331196642E8B2F /* [CP] Check Pods Manifest.lock */,
				0338883B2452487000C39472 /* Sources */,
				0338883C2452487000C39472 /* Frameworks */,
				0338883D2452487000C39472 /* Resources */,
				E7704559DA546BF2D942E0A2 /* [CP] Embed Pods Frameworks */,
			);
			buildRules = (
			);
			dependencies = (
			);
			name = pushNotification;
			productName = pushNotification;
			productReference = 0338883F2452487000C39472 /* pushNotification.app */;
			productType = "com.apple.product-type.application";
		};
/* End PBXNativeTarget section */

/* Begin PBXProject section */
		033888372452486F00C39472 /* Project object */ = {
			isa = PBXProject;
			attributes = {
				LastSwiftUpdateCheck = 1140;
				LastUpgradeCheck = 1140;
				ORGANIZATIONNAME = "Ebrahim  Mo Gedamy";
				TargetAttributes = {
					0338883E2452487000C39472 = {
						CreatedOnToolsVersion = 11.4.1;
					};
				};
			};
			buildConfigurationList = 0338883A2452486F00C39472 /* Build configuration list for PBXProject "pushNotification" */;
			compatibilityVersion = "Xcode 9.3";
			developmentRegion = en;
			hasScannedForEncodings = 0;
			knownRegions = (
				en,
				Base,
			);
			mainGroup = 033888362452486F00C39472;
			productRefGroup = 033888402452487000C39472 /* Products */;
			projectDirPath = "";
			projectRoot = "";
			targets = (
				0338883E2452487000C39472 /* pushNotification */,
			);
		};
/* End PBXProject section */

/* Begin PBXResourcesBuildPhase section */
		0338883D2452487000C39472 /* Resources */ = {
			isa = PBXResourcesBuildPhase;
			buildActionMask = 2147483647;
			files = (
				0338884F2452487300C39472 /* LaunchScreen.storyboard in Resources */,
				0338884C2452487300C39472 /* Assets.xcassets in Resources */,
				03FE260225645FBB00AD9F11 /* GoogleService-Info.plist in Resources */,
				0338884A2452487000C39472 /* Main.storyboard in Resources */,
			);
			runOnlyForDeploymentPostprocessing = 0;
		};
/* End PBXResourcesBuildPhase section */

/* Begin PBXShellScriptBuildPhase section */
		3E31E245C6331196642E8B2F /* [CP] Check Pods Manifest.lock */ = {
			isa = PBXShellScriptBuildPhase;
			buildActionMask = 2147483647;
			files = (
			);
			inputFileListPaths = (
			);
			inputPaths = (
				"${PODS_PODFILE_DIR_PATH}/Podfile.lock",
				"${PODS_ROOT}/Manifest.lock",
			);
			name = "[CP] Check Pods Manifest.lock";
			outputFileListPaths = (
			);
			outputPaths = (
				"$(DERIVED_FILE_DIR)/Pods-pushNotification-checkManifestLockResult.txt",
			);
			runOnlyForDeploymentPostprocessing = 0;
			shellPath = /bin/sh;
			shellScript = "diff \"${PODS_PODFILE_DIR_PATH}/Podfile.lock\" \"${PODS_ROOT}/Manifest.lock\" > /dev/null\nif [ $? != 0 ] ; then\n    # print error to STDERR\n    echo \"error: The sandbox is not in sync with the Podfile.lock. Run 'pod install' or update your CocoaPods installation.\" >&2\n    exit 1\nfi\n# This output is used by Xcode 'outputs' to avoid re-running this script phase.\necho \"SUCCESS\" > \"${SCRIPT_OUTPUT_FILE_0}\"\n";
			showEnvVarsInLog = 0;
		};
		E7704559DA546BF2D942E0A2 /* [CP] Embed Pods Frameworks */ = {
			isa = PBXShellScriptBuildPhase;
			buildActionMask = 2147483647;
			files = (
			);
			inputFileListPaths = (
				"${PODS_ROOT}/Target Support Files/Pods-pushNotification/Pods-pushNotification-frameworks-${CONFIGURATION}-input-files.xcfilelist",
			);
			name = "[CP] Embed Pods Frameworks";
			outputFileListPaths = (
				"${PODS_ROOT}/Target Support Files/Pods-pushNotification/Pods-pushNotification-frameworks-${CONFIGURATION}-output-files.xcfilelist",
			);
			runOnlyForDeploymentPostprocessing = 0;
			shellPath = /bin/sh;
			shellScript = "\"${PODS_ROOT}/Target Support Files/Pods-pushNotification/Pods-pushNotification-frameworks.sh\"\n";
			showEnvVarsInLog = 0;
		};
/* End PBXShellScriptBuildPhase section */

/* Begin PBXSourcesBuildPhase section */
		0338883B2452487000C39472 /* Sources */ = {
			isa = PBXSourcesBuildPhase;
			buildActionMask = 2147483647;
			files = (
				033888472452487000C39472 /* ViewController.swift in Sources */,
				033888432452487000C39472 /* AppDelegate.swift in Sources */,
				033888452452487000C39472 /* SceneDelegate.swift in Sources */,
			);
			runOnlyForDeploymentPostprocessing = 0;
		};
/* End PBXSourcesBuildPhase section */

/* Begin PBXVariantGroup section */
		033888482452487000C39472 /* Main.storyboard */ = {
			isa = PBXVariantGroup;
			children = (
				033888492452487000C39472 /* Base */,
			);
			name = Main.storyboard;
			sourceTree = "<group>";
		};
		0338884D2452487300C39472 /* LaunchScreen.storyboard */ = {
			isa = PBXVariantGroup;
			children = (
				0338884E2452487300C39472 /* Base */,
			);
			name = LaunchScreen.storyboard;
			sourceTree = "<group>";
		};
/* End PBXVariantGroup section */

/* Begin XCBuildConfiguration section */
		033888512452487300C39472 /* Debug */ = {
			isa = XCBuildConfiguration;
			buildSettings = {
				ALWAYS_SEARCH_USER_PATHS = NO;
				CLANG_ANALYZER_NONNULL = YES;
				CLANG_ANALYZER_NUMBER_OBJECT_CONVERSION = YES_AGGRESSIVE;
				CLANG_CXX_LANGUAGE_STANDARD = "gnu++14";
				CLANG_CXX_LIBRARY = "libc++";
				CLANG_ENABLE_MODULES = YES;
				CLANG_ENABLE_OBJC_ARC = YES;
				CLANG_ENABLE_OBJC_WEAK = YES;
				CLANG_WARN_BLOCK_CAPTURE_AUTORELEASING = YES;
				CLANG_WARN_BOOL_CONVERSION = YES;
				CLANG_WARN_COMMA = YES;
				CLANG_WARN_CONSTANT_CONVERSION = YES;
				CLANG_WARN_DEPRECATED_OBJC_IMPLEMENTATIONS = YES;
				CLANG_WARN_DIRECT_OBJC_ISA_USAGE = YES_ERROR;
				CLANG_WARN_DOCUMENTATION_COMMENTS = YES;
				CLANG_WARN_EMPTY_BODY = YES;
				CLANG_WARN_ENUM_CONVERSION = YES;
				CLANG_WARN_INFINITE_RECURSION = YES;
				CLANG_WARN_INT_CONVERSION = YES;
				CLANG_WARN_NON_LITERAL_NULL_CONVERSION = YES;
				CLANG_WARN_OBJC_IMPLICIT_RETAIN_SELF = YES;
				CLANG_WARN_OBJC_LITERAL_CONVERSION = YES;
				CLANG_WARN_OBJC_ROOT_CLASS = YES_ERROR;
				CLANG_WARN_RANGE_LOOP_ANALYSIS = YES;
				CLANG_WARN_STRICT_PROTOTYPES = YES;
				CLANG_WARN_SUSPICIOUS_MOVE = YES;
				CLANG_WARN_UNGUARDED_AVAILABILITY = YES_AGGRESSIVE;
				CLANG_WARN_UNREACHABLE_CODE = YES;
				CLANG_WARN__DUPLICATE_METHOD_MATCH = YES;
				COPY_PHASE_STRIP = NO;
				DEBUG_INFORMATION_FORMAT = dwarf;
				ENABLE_STRICT_OBJC_MSGSEND = YES;
				ENABLE_TESTABILITY = YES;
				GCC_C_LANGUAGE_STANDARD = gnu11;
				GCC_DYNAMIC_NO_PIC = NO;
				GCC_NO_COMMON_BLOCKS = YES;
				GCC_OPTIMIZATION_LEVEL = 0;
				GCC_PREPROCESSOR_DEFINITIONS = (
					"DEBUG=1",
					"$(inherited)",
				);
				GCC_WARN_64_TO_32_BIT_CONVERSION = YES;
				GCC_WARN_ABOUT_RETURN_TYPE = YES_ERROR;
				GCC_WARN_UNDECLARED_SELECTOR = YES;
				GCC_WARN_UNINITIALIZED_AUTOS = YES_AGGRESSIVE;
				GCC_WARN_UNUSED_FUNCTION = YES;
				GCC_WARN_UNUSED_VARIABLE = YES;
				IPHONEOS_DEPLOYMENT_TARGET = 13.4;
				MTL_ENABLE_DEBUG_INFO = INCLUDE_SOURCE;
				MTL_FAST_MATH = YES;
				ONLY_ACTIVE_ARCH = YES;
				SDKROOT = iphoneos;
				SWIFT_ACTIVE_COMPILATION_CONDITIONS = DEBUG;
				SWIFT_OPTIMIZATION_LEVEL = "-Onone";
			};
			name = Debug;
		};
		033888522452487300C39472 /* Release */ = {
			isa = XCBuildConfiguration;
			buildSettings = {
				ALWAYS_SEARCH_USER_PATHS = NO;
				CLANG_ANALYZER_NONNULL = YES;
				CLANG_ANALYZER_NUMBER_OBJECT_CONVERSION = YES_AGGRESSIVE;
				CLANG_CXX_LANGUAGE_STANDARD = "gnu++14";
				CLANG_CXX_LIBRARY = "libc++";
				CLANG_ENABLE_MODULES = YES;
				CLANG_ENABLE_OBJC_ARC = YES;
				CLANG_ENABLE_OBJC_WEAK = YES;
				CLANG_WARN_BLOCK_CAPTURE_AUTORELEASING = YES;
				CLANG_WARN_BOOL_CONVERSION = YES;
				CLANG_WARN_COMMA = YES;
				CLANG_WARN_CONSTANT_CONVERSION = YES;
				CLANG_WARN_DEPRECATED_OBJC_IMPLEMENTATIONS = YES;
				CLANG_WARN_DIRECT_OBJC_ISA_USAGE = YES_ERROR;
				CLANG_WARN_DOCUMENTATION_COMMENTS = YES;
				CLANG_WARN_EMPTY_BODY = YES;
				CLANG_WARN_ENUM_CONVERSION = YES;
				CLANG_WARN_INFINITE_RECURSION = YES;
				CLANG_WARN_INT_CONVERSION = YES;
				CLANG_WARN_NON_LITERAL_NULL_CONVERSION = YES;
				CLANG_WARN_OBJC_IMPLICIT_RETAIN_SELF = YES;
				CLANG_WARN_OBJC_LITERAL_CONVERSION = YES;
				CLANG_WARN_OBJC_ROOT_CLASS = YES_ERROR;
				CLANG_WARN_RANGE_LOOP_ANALYSIS = YES;
				CLANG_WARN_STRICT_PROTOTYPES = YES;
				CLANG_WARN_SUSPICIOUS_MOVE = YES;
				CLANG_WARN_UNGUARDED_AVAILABILITY = YES_AGGRESSIVE;
				CLANG_WARN_UNREACHABLE_CODE = YES;
				CLANG_WARN__DUPLICATE_METHOD_MATCH = YES;
				COPY_PHASE_STRIP = NO;
				DEBUG_INFORMATION_FORMAT = "dwarf-with-dsym";
				ENABLE_NS_ASSERTIONS = NO;
				ENABLE_STRICT_OBJC_MSGSEND = YES;
				GCC_C_LANGUAGE_STANDARD = gnu11;
				GCC_NO_COMMON_BLOCKS = YES;
				GCC_WARN_64_TO_32_BIT_CONVERSION = YES;
				GCC_WARN_ABOUT_RETURN_TYPE = YES_ERROR;
				GCC_WARN_UNDECLARED_SELECTOR = YES;
				GCC_WARN_UNINITIALIZED_AUTOS = YES_AGGRESSIVE;
				GCC_WARN_UNUSED_FUNCTION = YES;
				GCC_WARN_UNUSED_VARIABLE = YES;
				IPHONEOS_DEPLOYMENT_TARGET = 13.4;
				MTL_ENABLE_DEBUG_INFO = NO;
				MTL_FAST_MATH = YES;
				SDKROOT = iphoneos;
				SWIFT_COMPILATION_MODE = wholemodule;
				SWIFT_OPTIMIZATION_LEVEL = "-O";
				VALIDATE_PRODUCT = YES;
			};
			name = Release;
		};
		033888542452487300C39472 /* Debug */ = {
			isa = XCBuildConfiguration;
			baseConfigurationReference = 7E9383FC03AED521C5D626FC /* Pods-pushNotification.debug.xcconfig */;
			buildSettings = {
				ASSETCATALOG_COMPILER_APPICON_NAME = AppIcon;
				CODE_SIGN_ENTITLEMENTS = pushNotification/pushNotification.entitlements;
				CODE_SIGN_STYLE = Automatic;
				DEVELOPMENT_TEAM = V639XPXR4D;
				INFOPLIST_FILE = pushNotification/Info.plist;
				LD_RUNPATH_SEARCH_PATHS = (
					"$(inherited)",
					"@executable_path/Frameworks",
				);
				PRODUCT_BUNDLE_IDENTIFIER = "Ebrahim-Mo-Gedamy.pushNotification";
				PRODUCT_NAME = "$(TARGET_NAME)";
				SWIFT_VERSION = 5.0;
				TARGETED_DEVICE_FAMILY = "1,2";
			};
			name = Debug;
		};
		033888552452487300C39472 /* Release */ = {
			isa = XCBuildConfiguration;
			baseConfigurationReference = 446C0C7C02AF9BF44B57856B /* Pods-pushNotification.release.xcconfig */;
			buildSettings = {
				ASSETCATALOG_COMPILER_APPICON_NAME = AppIcon;
				CODE_SIGN_ENTITLEMENTS = pushNotification/pushNotification.entitlements;
				CODE_SIGN_STYLE = Automatic;
				DEVELOPMENT_TEAM = V639XPXR4D;
				INFOPLIST_FILE = pushNotification/Info.plist;
				LD_RUNPATH_SEARCH_PATHS = (
					"$(inherited)",
					"@executable_path/Frameworks",
				);
				PRODUCT_BUNDLE_IDENTIFIER = "Ebrahim-Mo-Gedamy.pushNotification";
				PRODUCT_NAME = "$(TARGET_NAME)";
				SWIFT_VERSION = 5.0;
				TARGETED_DEVICE_FAMILY = "1,2";
			};
			name = Release;
		};
/* End XCBuildConfiguration section */

/* Begin XCConfigurationList section */
		0338883A2452486F00C39472 /* Build configuration list for PBXProject "pushNotification" */ = {
			isa = XCConfigurationList;
			buildConfigurations = (
				033888512452487300C39472 /* Debug */,
				033888522452487300C39472 /* Release */,
			);
			defaultConfigurationIsVisible = 0;
			defaultConfigurationName = Release;
		};
		033888532452487300C39472 /* Build configuration list for PBXNativeTarget "pushNotification" */ = {
			isa = XCConfigurationList;
			buildConfigurations = (
				033888542452487300C39472 /* Debug */,
				033888552452487300C39472 /* Release */,
			);
			defaultConfigurationIsVisible = 0;
			defaultConfigurationName = Release;
		};
/* End XCConfigurationList section */
	};
	rootObject = 033888372452486F00C39472 /* Project object */;
}
